// !$*UTF8*$!
{
	archiveVersion = 1;
	classes = {
	};
	objectVersion = 50;
	objects = {

/* Begin PBXBuildFile section */
		2A9600931B7B2879517AEDC9 /* Pods_Weibo.framework in Frameworks */ = {isa = PBXBuildFile; fileRef = 2D126B0E2943E1A047D6ECE1 /* Pods_Weibo.framework */; };
		441C6467217496CD0060CF75 /* WBNetworkManager.swift in Sources */ = {isa = PBXBuildFile; fileRef = 441C6466217496CD0060CF75 /* WBNetworkManager.swift */; };
		4461F618213E76800051E942 /* AppDelegate.swift in Sources */ = {isa = PBXBuildFile; fileRef = 4461F617213E76800051E942 /* AppDelegate.swift */; };
		4461F61F213E76810051E942 /* Assets.xcassets in Resources */ = {isa = PBXBuildFile; fileRef = 4461F61E213E76810051E942 /* Assets.xcassets */; };
		4461F634213E799A0051E942 /* WBMainViewController.swift in Sources */ = {isa = PBXBuildFile; fileRef = 4461F633213E799A0051E942 /* WBMainViewController.swift */; };
		4461F636213E79CE0051E942 /* WBNavigationController.swift in Sources */ = {isa = PBXBuildFile; fileRef = 4461F635213E79CE0051E942 /* WBNavigationController.swift */; };
		4461F638213E79FB0051E942 /* WBBaseViewController.swift in Sources */ = {isa = PBXBuildFile; fileRef = 4461F637213E79FB0051E942 /* WBBaseViewController.swift */; };
		4461F63A213E7A790051E942 /* WBHomeViewController.swift in Sources */ = {isa = PBXBuildFile; fileRef = 4461F639213E7A790051E942 /* WBHomeViewController.swift */; };
		4461F63C213E7AF00051E942 /* WBMessageViewController.swift in Sources */ = {isa = PBXBuildFile; fileRef = 4461F63B213E7AF00051E942 /* WBMessageViewController.swift */; };
		4461F63E213E7AFF0051E942 /* WBDiscoverViewController.swift in Sources */ = {isa = PBXBuildFile; fileRef = 4461F63D213E7AFF0051E942 /* WBDiscoverViewController.swift */; };
		4461F640213E7B100051E942 /* WBProfileViewController.swift in Sources */ = {isa = PBXBuildFile; fileRef = 4461F63F213E7B100051E942 /* WBProfileViewController.swift */; };
		4461F696214102560051E942 /* WBDemoViewController.swift in Sources */ = {isa = PBXBuildFile; fileRef = 4461F695214102560051E942 /* WBDemoViewController.swift */; };
		4461F6B621549DFE0051E942 /* WBVisitorView.swift in Sources */ = {isa = PBXBuildFile; fileRef = 4461F6B521549DFE0051E942 /* WBVisitorView.swift */; };
		4461F6BD216DFB610051E942 /* main.json in Resources */ = {isa = PBXBuildFile; fileRef = 4461F6BC216DFB610051E942 /* main.json */; };
		44C6F043217495C8009FA80C /* UIScreen+Extentions.swift in Sources */ = {isa = PBXBuildFile; fileRef = 44C6F039217495C8009FA80C /* UIScreen+Extentions.swift */; };
		44C6F044217495C8009FA80C /* UIButton+Extension.swift in Sources */ = {isa = PBXBuildFile; fileRef = 44C6F03B217495C8009FA80C /* UIButton+Extension.swift */; };
		44C6F045217495C8009FA80C /* UIView+Frame.m in Sources */ = {isa = PBXBuildFile; fileRef = 44C6F03C217495C8009FA80C /* UIView+Frame.m */; };
		44C6F046217495C8009FA80C /* UILabel+Extentions.swift in Sources */ = {isa = PBXBuildFile; fileRef = 44C6F03D217495C8009FA80C /* UILabel+Extentions.swift */; };
		44C6F047217495C8009FA80C /* UIBarButtonItem+Extensions.swift in Sources */ = {isa = PBXBuildFile; fileRef = 44C6F03E217495C8009FA80C /* UIBarButtonItem+Extensions.swift */; };
		44C6F048217495C8009FA80C /* Bundle+Extentions.swift in Sources */ = {isa = PBXBuildFile; fileRef = 44C6F03F217495C8009FA80C /* Bundle+Extentions.swift */; };
		44C6F049217495C8009FA80C /* UIColor+Extension.m in Sources */ = {isa = PBXBuildFile; fileRef = 44C6F040217495C8009FA80C /* UIColor+Extension.m */; };
		44FFA68F2175D4AC00D58A6E /* WBNetworkManager+Extension.swift in Sources */ = {isa = PBXBuildFile; fileRef = 44FFA68E2175D4AC00D58A6E /* WBNetworkManager+Extension.swift */; };
		44FFA6912175E42000D58A6E /* WBStatus.swift in Sources */ = {isa = PBXBuildFile; fileRef = 44FFA6902175E42000D58A6E /* WBStatus.swift */; };
/* End PBXBuildFile section */

/* Begin PBXFileReference section */
		2D126B0E2943E1A047D6ECE1 /* Pods_Weibo.framework */ = {isa = PBXFileReference; explicitFileType = wrapper.framework; includeInIndex = 0; path = Pods_Weibo.framework; sourceTree = BUILT_PRODUCTS_DIR; };
		4194B2A1FE48251950E58222 /* Pods-Weibo.debug.xcconfig */ = {isa = PBXFileReference; includeInIndex = 1; lastKnownFileType = text.xcconfig; name = "Pods-Weibo.debug.xcconfig"; path = "Pods/Target Support Files/Pods-Weibo/Pods-Weibo.debug.xcconfig"; sourceTree = "<group>"; };
		441C6466217496CD0060CF75 /* WBNetworkManager.swift */ = {isa = PBXFileReference; lastKnownFileType = sourcecode.swift; path = WBNetworkManager.swift; sourceTree = "<group>"; };
		441C6468217498230060CF75 /* Weibo-Bridging-Header.h */ = {isa = PBXFileReference; fileEncoding = 4; lastKnownFileType = sourcecode.c.h; path = "Weibo-Bridging-Header.h"; sourceTree = "<group>"; };
		4461F614213E76800051E942 /* Weibo.app */ = {isa = PBXFileReference; explicitFileType = wrapper.application; includeInIndex = 0; path = Weibo.app; sourceTree = BUILT_PRODUCTS_DIR; };
		4461F617213E76800051E942 /* AppDelegate.swift */ = {isa = PBXFileReference; lastKnownFileType = sourcecode.swift; path = AppDelegate.swift; sourceTree = "<group>"; };
		4461F61E213E76810051E942 /* Assets.xcassets */ = {isa = PBXFileReference; lastKnownFileType = folder.assetcatalog; path = Assets.xcassets; sourceTree = "<group>"; };
		4461F623213E76810051E942 /* Info.plist */ = {isa = PBXFileReference; lastKnownFileType = text.plist.xml; path = Info.plist; sourceTree = "<group>"; };
		4461F633213E799A0051E942 /* WBMainViewController.swift */ = {isa = PBXFileReference; lastKnownFileType = sourcecode.swift; path = WBMainViewController.swift; sourceTree = "<group>"; };
		4461F635213E79CE0051E942 /* WBNavigationController.swift */ = {isa = PBXFileReference; lastKnownFileType = sourcecode.swift; path = WBNavigationController.swift; sourceTree = "<group>"; };
		4461F637213E79FB0051E942 /* WBBaseViewController.swift */ = {isa = PBXFileReference; lastKnownFileType = sourcecode.swift; path = WBBaseViewController.swift; sourceTree = "<group>"; };
		4461F639213E7A790051E942 /* WBHomeViewController.swift */ = {isa = PBXFileReference; lastKnownFileType = sourcecode.swift; path = WBHomeViewController.swift; sourceTree = "<group>"; };
		4461F63B213E7AF00051E942 /* WBMessageViewController.swift */ = {isa = PBXFileReference; lastKnownFileType = sourcecode.swift; path = WBMessageViewController.swift; sourceTree = "<group>"; };
		4461F63D213E7AFF0051E942 /* WBDiscoverViewController.swift */ = {isa = PBXFileReference; lastKnownFileType = sourcecode.swift; path = WBDiscoverViewController.swift; sourceTree = "<group>"; };
		4461F63F213E7B100051E942 /* WBProfileViewController.swift */ = {isa = PBXFileReference; lastKnownFileType = sourcecode.swift; path = WBProfileViewController.swift; sourceTree = "<group>"; };
		4461F695214102560051E942 /* WBDemoViewController.swift */ = {isa = PBXFileReference; lastKnownFileType = sourcecode.swift; path = WBDemoViewController.swift; sourceTree = "<group>"; };
		4461F6B521549DFE0051E942 /* WBVisitorView.swift */ = {isa = PBXFileReference; lastKnownFileType = sourcecode.swift; path = WBVisitorView.swift; sourceTree = "<group>"; };
		4461F6BC216DFB610051E942 /* main.json */ = {isa = PBXFileReference; fileEncoding = 4; lastKnownFileType = text.json; path = main.json; sourceTree = "<group>"; };
		44C6F039217495C8009FA80C /* UIScreen+Extentions.swift */ = {isa = PBXFileReference; fileEncoding = 4; lastKnownFileType = sourcecode.swift; path = "UIScreen+Extentions.swift"; sourceTree = "<group>"; };
		44C6F03A217495C8009FA80C /* UIColor+Extension.h */ = {isa = PBXFileReference; fileEncoding = 4; lastKnownFileType = sourcecode.c.h; path = "UIColor+Extension.h"; sourceTree = "<group>"; };
		44C6F03B217495C8009FA80C /* UIButton+Extension.swift */ = {isa = PBXFileReference; fileEncoding = 4; lastKnownFileType = sourcecode.swift; path = "UIButton+Extension.swift"; sourceTree = "<group>"; };
		44C6F03C217495C8009FA80C /* UIView+Frame.m */ = {isa = PBXFileReference; fileEncoding = 4; lastKnownFileType = sourcecode.c.objc; path = "UIView+Frame.m"; sourceTree = "<group>"; };
		44C6F03D217495C8009FA80C /* UILabel+Extentions.swift */ = {isa = PBXFileReference; fileEncoding = 4; lastKnownFileType = sourcecode.swift; path = "UILabel+Extentions.swift"; sourceTree = "<group>"; };
		44C6F03E217495C8009FA80C /* UIBarButtonItem+Extensions.swift */ = {isa = PBXFileReference; fileEncoding = 4; lastKnownFileType = sourcecode.swift; path = "UIBarButtonItem+Extensions.swift"; sourceTree = "<group>"; };
		44C6F03F217495C8009FA80C /* Bundle+Extentions.swift */ = {isa = PBXFileReference; fileEncoding = 4; lastKnownFileType = sourcecode.swift; path = "Bundle+Extentions.swift"; sourceTree = "<group>"; };
		44C6F040217495C8009FA80C /* UIColor+Extension.m */ = {isa = PBXFileReference; fileEncoding = 4; lastKnownFileType = sourcecode.c.objc; path = "UIColor+Extension.m"; sourceTree = "<group>"; };
		44C6F042217495C8009FA80C /* UIView+Frame.h */ = {isa = PBXFileReference; fileEncoding = 4; lastKnownFileType = sourcecode.c.h; path = "UIView+Frame.h"; sourceTree = "<group>"; };
		44FFA68E2175D4AC00D58A6E /* WBNetworkManager+Extension.swift */ = {isa = PBXFileReference; lastKnownFileType = sourcecode.swift; path = "WBNetworkManager+Extension.swift"; sourceTree = "<group>"; };
		44FFA6902175E42000D58A6E /* WBStatus.swift */ = {isa = PBXFileReference; lastKnownFileType = sourcecode.swift; path = WBStatus.swift; sourceTree = "<group>"; };
		9DE1D2DCAC45376B46968A10 /* Pods-Weibo.release.xcconfig */ = {isa = PBXFileReference; includeInIndex = 1; lastKnownFileType = text.xcconfig; name = "Pods-Weibo.release.xcconfig"; path = "Pods/Target Support Files/Pods-Weibo/Pods-Weibo.release.xcconfig"; sourceTree = "<group>"; };
/* End PBXFileReference section */

/* Begin PBXFrameworksBuildPhase section */
		4461F611213E76800051E942 /* Frameworks */ = {
			isa = PBXFrameworksBuildPhase;
			buildActionMask = 2147483647;
			files = (
				2A9600931B7B2879517AEDC9 /* Pods_Weibo.framework in Frameworks */,
			);
			runOnlyForDeploymentPostprocessing = 0;
		};
/* End PBXFrameworksBuildPhase section */

/* Begin PBXGroup section */
		0C682A2D0B669D989570E311 /* Pods */ = {
			isa = PBXGroup;
			children = (
				4194B2A1FE48251950E58222 /* Pods-Weibo.debug.xcconfig */,
				9DE1D2DCAC45376B46968A10 /* Pods-Weibo.release.xcconfig */,
			);
			name = Pods;
			sourceTree = "<group>";
		};
		441C6465217496510060CF75 /* Network */ = {
			isa = PBXGroup;
			children = (
				441C6466217496CD0060CF75 /* WBNetworkManager.swift */,
				44FFA68E2175D4AC00D58A6E /* WBNetworkManager+Extension.swift */,
				44FFA6902175E42000D58A6E /* WBStatus.swift */,
			);
			path = Network;
			sourceTree = "<group>";
		};
		4461F60B213E76800051E942 = {
			isa = PBXGroup;
			children = (
				4461F616213E76800051E942 /* Weibo */,
				4461F615213E76800051E942 /* Products */,
				0C682A2D0B669D989570E311 /* Pods */,
				B0A818DFE1BAE03848680D63 /* Frameworks */,
			);
			sourceTree = "<group>";
		};
		4461F615213E76800051E942 /* Products */ = {
			isa = PBXGroup;
			children = (
				4461F614213E76800051E942 /* Weibo.app */,
			);
			name = Products;
			sourceTree = "<group>";
		};
		4461F616213E76800051E942 /* Weibo */ = {
			isa = PBXGroup;
			children = (
				4461F629213E793A0051E942 /* Classes */,
				4461F617213E76800051E942 /* AppDelegate.swift */,
				441C6468217498230060CF75 /* Weibo-Bridging-Header.h */,
				4461F61E213E76810051E942 /* Assets.xcassets */,
				4461F623213E76810051E942 /* Info.plist */,
			);
			path = Weibo;
			sourceTree = "<group>";
		};
		4461F629213E793A0051E942 /* Classes */ = {
			isa = PBXGroup;
			children = (
				4461F62A213E793A0051E942 /* View(视图和控制器) */,
				4461F630213E793A0051E942 /* ViewModel(视图模型) */,
				4461F631213E793A0051E942 /* Model(模型) */,
				4461F632213E793A0051E942 /* Tools(工具) */,
			);
			path = Classes;
			sourceTree = "<group>";
		};
		4461F62A213E793A0051E942 /* View(视图和控制器) */ = {
			isa = PBXGroup;
			children = (
				4461F62F213E793A0051E942 /* Main */,
				4461F62B213E793A0051E942 /* Home */,
				4461F62C213E793A0051E942 /* Discover */,
				4461F62D213E793A0051E942 /* Message */,
				4461F62E213E793A0051E942 /* Profile */,
			);
			path = "View(视图和控制器)";
			sourceTree = "<group>";
		};
		4461F62B213E793A0051E942 /* Home */ = {
			isa = PBXGroup;
			children = (
				4461F639213E7A790051E942 /* WBHomeViewController.swift */,
				4461F695214102560051E942 /* WBDemoViewController.swift */,
			);
			path = Home;
			sourceTree = "<group>";
		};
		4461F62C213E793A0051E942 /* Discover */ = {
			isa = PBXGroup;
			children = (
				4461F63D213E7AFF0051E942 /* WBDiscoverViewController.swift */,
			);
			path = Discover;
			sourceTree = "<group>";
		};
		4461F62D213E793A0051E942 /* Message */ = {
			isa = PBXGroup;
			children = (
				4461F63B213E7AF00051E942 /* WBMessageViewController.swift */,
			);
			path = Message;
			sourceTree = "<group>";
		};
		4461F62E213E793A0051E942 /* Profile */ = {
			isa = PBXGroup;
			children = (
				4461F63F213E7B100051E942 /* WBProfileViewController.swift */,
			);
			path = Profile;
			sourceTree = "<group>";
		};
		4461F62F213E793A0051E942 /* Main */ = {
			isa = PBXGroup;
			children = (
				4461F6B821549E2B0051E942 /* 主控制器 */,
				4461F6B921549E3D0051E942 /* VisitorVIew */,
				4461F637213E79FB0051E942 /* WBBaseViewController.swift */,
			);
			path = Main;
			sourceTree = "<group>";
		};
		4461F630213E793A0051E942 /* ViewModel(视图模型) */ = {
			isa = PBXGroup;
			children = (
			);
			path = "ViewModel(视图模型)";
			sourceTree = "<group>";
		};
		4461F631213E793A0051E942 /* Model(模型) */ = {
			isa = PBXGroup;
			children = (
			);
			path = "Model(模型)";
			sourceTree = "<group>";
		};
		4461F632213E793A0051E942 /* Tools(工具) */ = {
			isa = PBXGroup;
			children = (
				441C6465217496510060CF75 /* Network */,
				44C6F038217495C8009FA80C /* Extension */,
			);
			path = "Tools(工具)";
			sourceTree = "<group>";
		};
		4461F6B821549E2B0051E942 /* 主控制器 */ = {
			isa = PBXGroup;
			children = (
				4461F6BC216DFB610051E942 /* main.json */,
				4461F633213E799A0051E942 /* WBMainViewController.swift */,
				4461F635213E79CE0051E942 /* WBNavigationController.swift */,
			);
			path = "主控制器";
			sourceTree = "<group>";
		};
		4461F6B921549E3D0051E942 /* VisitorVIew */ = {
			isa = PBXGroup;
			children = (
				4461F6B521549DFE0051E942 /* WBVisitorView.swift */,
			);
			path = VisitorVIew;
			sourceTree = "<group>";
		};
		44C6F038217495C8009FA80C /* Extension */ = {
			isa = PBXGroup;
			children = (
				44C6F039217495C8009FA80C /* UIScreen+Extentions.swift */,
				44C6F03A217495C8009FA80C /* UIColor+Extension.h */,
				44C6F03B217495C8009FA80C /* UIButton+Extension.swift */,
				44C6F03C217495C8009FA80C /* UIView+Frame.m */,
				44C6F03D217495C8009FA80C /* UILabel+Extentions.swift */,
				44C6F03E217495C8009FA80C /* UIBarButtonItem+Extensions.swift */,
				44C6F03F217495C8009FA80C /* Bundle+Extentions.swift */,
				44C6F040217495C8009FA80C /* UIColor+Extension.m */,
				44C6F042217495C8009FA80C /* UIView+Frame.h */,
			);
			path = Extension;
			sourceTree = "<group>";
		};
		B0A818DFE1BAE03848680D63 /* Frameworks */ = {
			isa = PBXGroup;
			children = (
				2D126B0E2943E1A047D6ECE1 /* Pods_Weibo.framework */,
			);
			name = Frameworks;
			sourceTree = "<group>";
		};
/* End PBXGroup section */

/* Begin PBXNativeTarget section */
		4461F613213E76800051E942 /* Weibo */ = {
			isa = PBXNativeTarget;
			buildConfigurationList = 4461F626213E76810051E942 /* Build configuration list for PBXNativeTarget "Weibo" */;
			buildPhases = (
				7EF34FB63C946581C2087512 /* [CP] Check Pods Manifest.lock */,
				4461F610213E76800051E942 /* Sources */,
				4461F611213E76800051E942 /* Frameworks */,
				4461F612213E76800051E942 /* Resources */,
				2820C97E2B9C3C13E0A2ECD3 /* [CP] Embed Pods Frameworks */,
			);
			buildRules = (
			);
			dependencies = (
			);
			name = Weibo;
			productName = Weibo;
			productReference = 4461F614213E76800051E942 /* Weibo.app */;
			productType = "com.apple.product-type.application";
		};
/* End PBXNativeTarget section */

/* Begin PBXProject section */
		4461F60C213E76800051E942 /* Project object */ = {
			isa = PBXProject;
			attributes = {
				CLASSPREFIX = WB;
				LastSwiftUpdateCheck = 0940;
				LastUpgradeCheck = 0940;
				ORGANIZATIONNAME = "乔春晓";
				TargetAttributes = {
					4461F613213E76800051E942 = {
						CreatedOnToolsVersion = 9.4.1;
						LastSwiftMigration = 0940;
					};
				};
			};
			buildConfigurationList = 4461F60F213E76800051E942 /* Build configuration list for PBXProject "Weibo" */;
			compatibilityVersion = "Xcode 9.3";
			developmentRegion = en;
			hasScannedForEncodings = 0;
			knownRegions = (
				en,
				Base,
			);
			mainGroup = 4461F60B213E76800051E942;
			productRefGroup = 4461F615213E76800051E942 /* Products */;
			projectDirPath = "";
			projectRoot = "";
			targets = (
				4461F613213E76800051E942 /* Weibo */,
			);
		};
/* End PBXProject section */

/* Begin PBXResourcesBuildPhase section */
		4461F612213E76800051E942 /* Resources */ = {
			isa = PBXResourcesBuildPhase;
			buildActionMask = 2147483647;
			files = (
				4461F6BD216DFB610051E942 /* main.json in Resources */,
				4461F61F213E76810051E942 /* Assets.xcassets in Resources */,
			);
			runOnlyForDeploymentPostprocessing = 0;
		};
/* End PBXResourcesBuildPhase section */

/* Begin PBXShellScriptBuildPhase section */
		2820C97E2B9C3C13E0A2ECD3 /* [CP] Embed Pods Frameworks */ = {
			isa = PBXShellScriptBuildPhase;
			buildActionMask = 2147483647;
			files = (
			);
			inputPaths = (
				"${SRCROOT}/Pods/Target Support Files/Pods-Weibo/Pods-Weibo-frameworks.sh",
				"${BUILT_PRODUCTS_DIR}/AFNetworking/AFNetworking.framework",
				"${BUILT_PRODUCTS_DIR}/SDWebImage/SDWebImage.framework",
				"${BUILT_PRODUCTS_DIR}/SVProgressHUD/SVProgressHUD.framework",
				"${BUILT_PRODUCTS_DIR}/YYModel/YYModel.framework",
				"${BUILT_PRODUCTS_DIR}/pop/pop.framework",
			);
			name = "[CP] Embed Pods Frameworks";
			outputPaths = (
				"${TARGET_BUILD_DIR}/${FRAMEWORKS_FOLDER_PATH}/AFNetworking.framework",
				"${TARGET_BUILD_DIR}/${FRAMEWORKS_FOLDER_PATH}/SDWebImage.framework",
				"${TARGET_BUILD_DIR}/${FRAMEWORKS_FOLDER_PATH}/SVProgressHUD.framework",
				"${TARGET_BUILD_DIR}/${FRAMEWORKS_FOLDER_PATH}/YYModel.framework",
				"${TARGET_BUILD_DIR}/${FRAMEWORKS_FOLDER_PATH}/pop.framework",
			);
			runOnlyForDeploymentPostprocessing = 0;
			shellPath = /bin/sh;
			shellScript = "\"${SRCROOT}/Pods/Target Support Files/Pods-Weibo/Pods-Weibo-frameworks.sh\"\n";
			showEnvVarsInLog = 0;
		};
		7EF34FB63C946581C2087512 /* [CP] Check Pods Manifest.lock */ = {
			isa = PBXShellScriptBuildPhase;
			buildActionMask = 2147483647;
			files = (
			);
			inputPaths = (
				"${PODS_PODFILE_DIR_PATH}/Podfile.lock",
				"${PODS_ROOT}/Manifest.lock",
			);
			name = "[CP] Check Pods Manifest.lock";
			outputPaths = (
				"$(DERIVED_FILE_DIR)/Pods-Weibo-checkManifestLockResult.txt",
			);
			runOnlyForDeploymentPostprocessing = 0;
			shellPath = /bin/sh;
			shellScript = "diff \"${PODS_PODFILE_DIR_PATH}/Podfile.lock\" \"${PODS_ROOT}/Manifest.lock\" > /dev/null\nif [ $? != 0 ] ; then\n    # print error to STDERR\n    echo \"error: The sandbox is not in sync with the Podfile.lock. Run 'pod install' or update your CocoaPods installation.\" >&2\n    exit 1\nfi\n# This output is used by Xcode 'outputs' to avoid re-running this script phase.\necho \"SUCCESS\" > \"${SCRIPT_OUTPUT_FILE_0}\"\n";
			showEnvVarsInLog = 0;
		};
/* End PBXShellScriptBuildPhase section */

/* Begin PBXSourcesBuildPhase section */
		4461F610213E76800051E942 /* Sources */ = {
			isa = PBXSourcesBuildPhase;
			buildActionMask = 2147483647;
			files = (
				4461F638213E79FB0051E942 /* WBBaseViewController.swift in Sources */,
				4461F6B621549DFE0051E942 /* WBVisitorView.swift in Sources */,
				44C6F043217495C8009FA80C /* UIScreen+Extentions.swift in Sources */,
				44C6F047217495C8009FA80C /* UIBarButtonItem+Extensions.swift in Sources */,
				4461F640213E7B100051E942 /* WBProfileViewController.swift in Sources */,
				4461F63E213E7AFF0051E942 /* WBDiscoverViewController.swift in Sources */,
				44C6F045217495C8009FA80C /* UIView+Frame.m in Sources */,
				44C6F049217495C8009FA80C /* UIColor+Extension.m in Sources */,
				44C6F044217495C8009FA80C /* UIButton+Extension.swift in Sources */,
				44C6F048217495C8009FA80C /* Bundle+Extentions.swift in Sources */,
				44C6F046217495C8009FA80C /* UILabel+Extentions.swift in Sources */,
				44FFA68F2175D4AC00D58A6E /* WBNetworkManager+Extension.swift in Sources */,
				441C6467217496CD0060CF75 /* WBNetworkManager.swift in Sources */,
				4461F634213E799A0051E942 /* WBMainViewController.swift in Sources */,
				44FFA6912175E42000D58A6E /* WBStatus.swift in Sources */,
				4461F63A213E7A790051E942 /* WBHomeViewController.swift in Sources */,
				4461F618213E76800051E942 /* AppDelegate.swift in Sources */,
				4461F696214102560051E942 /* WBDemoViewController.swift in Sources */,
				4461F636213E79CE0051E942 /* WBNavigationController.swift in Sources */,
				4461F63C213E7AF00051E942 /* WBMessageViewController.swift in Sources */,
			);
			runOnlyForDeploymentPostprocessing = 0;
		};
/* End PBXSourcesBuildPhase section */

/* Begin XCBuildConfiguration section */
		4461F624213E76810051E942 /* Debug */ = {
			isa = XCBuildConfiguration;
			buildSettings = {
				ALWAYS_SEARCH_USER_PATHS = NO;
				CLANG_ANALYZER_NONNULL = YES;
				CLANG_ANALYZER_NUMBER_OBJECT_CONVERSION = YES_AGGRESSIVE;
				CLANG_CXX_LANGUAGE_STANDARD = "gnu++14";
				CLANG_CXX_LIBRARY = "libc++";
				CLANG_ENABLE_MODULES = YES;
				CLANG_ENABLE_OBJC_ARC = YES;
				CLANG_ENABLE_OBJC_WEAK = YES;
				CLANG_WARN_BLOCK_CAPTURE_AUTORELEASING = YES;
				CLANG_WARN_BOOL_CONVERSION = YES;
				CLANG_WARN_COMMA = YES;
				CLANG_WARN_CONSTANT_CONVERSION = YES;
				CLANG_WARN_DEPRECATED_OBJC_IMPLEMENTATIONS = YES;
				CLANG_WARN_DIRECT_OBJC_ISA_USAGE = YES_ERROR;
				CLANG_WARN_DOCUMENTATION_COMMENTS = YES;
				CLANG_WARN_EMPTY_BODY = YES;
				CLANG_WARN_ENUM_CONVERSION = YES;
				CLANG_WARN_INFINITE_RECURSION = YES;
				CLANG_WARN_INT_CONVERSION = YES;
				CLANG_WARN_NON_LITERAL_NULL_CONVERSION = YES;
				CLANG_WARN_OBJC_IMPLICIT_RETAIN_SELF = YES;
				CLANG_WARN_OBJC_LITERAL_CONVERSION = YES;
				CLANG_WARN_OBJC_ROOT_CLASS = YES_ERROR;
				CLANG_WARN_RANGE_LOOP_ANALYSIS = YES;
				CLANG_WARN_STRICT_PROTOTYPES = YES;
				CLANG_WARN_SUSPICIOUS_MOVE = YES;
				CLANG_WARN_UNGUARDED_AVAILABILITY = YES_AGGRESSIVE;
				CLANG_WARN_UNREACHABLE_CODE = YES;
				CLANG_WARN__DUPLICATE_METHOD_MATCH = YES;
				CODE_SIGN_IDENTITY = "iPhone Developer";
				COPY_PHASE_STRIP = NO;
				DEBUG_INFORMATION_FORMAT = dwarf;
				ENABLE_STRICT_OBJC_MSGSEND = YES;
				ENABLE_TESTABILITY = YES;
				GCC_C_LANGUAGE_STANDARD = gnu11;
				GCC_DYNAMIC_NO_PIC = NO;
				GCC_NO_COMMON_BLOCKS = YES;
				GCC_OPTIMIZATION_LEVEL = 0;
				GCC_PREPROCESSOR_DEFINITIONS = (
					"DEBUG=1",
					"$(inherited)",
				);
				GCC_WARN_64_TO_32_BIT_CONVERSION = YES;
				GCC_WARN_ABOUT_RETURN_TYPE = YES_ERROR;
				GCC_WARN_UNDECLARED_SELECTOR = YES;
				GCC_WARN_UNINITIALIZED_AUTOS = YES_AGGRESSIVE;
				GCC_WARN_UNUSED_FUNCTION = YES;
				GCC_WARN_UNUSED_VARIABLE = YES;
				IPHONEOS_DEPLOYMENT_TARGET = 11.4;
				MTL_ENABLE_DEBUG_INFO = YES;
				ONLY_ACTIVE_ARCH = YES;
				SDKROOT = iphoneos;
				SWIFT_ACTIVE_COMPILATION_CONDITIONS = DEBUG;
				SWIFT_OPTIMIZATION_LEVEL = "-Onone";
			};
			name = Debug;
		};
		4461F625213E76810051E942 /* Release */ = {
			isa = XCBuildConfiguration;
			buildSettings = {
				ALWAYS_SEARCH_USER_PATHS = NO;
				CLANG_ANALYZER_NONNULL = YES;
				CLANG_ANALYZER_NUMBER_OBJECT_CONVERSION = YES_AGGRESSIVE;
				CLANG_CXX_LANGUAGE_STANDARD = "gnu++14";
				CLANG_CXX_LIBRARY = "libc++";
				CLANG_ENABLE_MODULES = YES;
				CLANG_ENABLE_OBJC_ARC = YES;
				CLANG_ENABLE_OBJC_WEAK = YES;
				CLANG_WARN_BLOCK_CAPTURE_AUTORELEASING = YES;
				CLANG_WARN_BOOL_CONVERSION = YES;
				CLANG_WARN_COMMA = YES;
				CLANG_WARN_CONSTANT_CONVERSION = YES;
				CLANG_WARN_DEPRECATED_OBJC_IMPLEMENTATIONS = YES;
				CLANG_WARN_DIRECT_OBJC_ISA_USAGE = YES_ERROR;
				CLANG_WARN_DOCUMENTATION_COMMENTS = YES;
				CLANG_WARN_EMPTY_BODY = YES;
				CLANG_WARN_ENUM_CONVERSION = YES;
				CLANG_WARN_INFINITE_RECURSION = YES;
				CLANG_WARN_INT_CONVERSION = YES;
				CLANG_WARN_NON_LITERAL_NULL_CONVERSION = YES;
				CLANG_WARN_OBJC_IMPLICIT_RETAIN_SELF = YES;
				CLANG_WARN_OBJC_LITERAL_CONVERSION = YES;
				CLANG_WARN_OBJC_ROOT_CLASS = YES_ERROR;
				CLANG_WARN_RANGE_LOOP_ANALYSIS = YES;
				CLANG_WARN_STRICT_PROTOTYPES = YES;
				CLANG_WARN_SUSPICIOUS_MOVE = YES;
				CLANG_WARN_UNGUARDED_AVAILABILITY = YES_AGGRESSIVE;
				CLANG_WARN_UNREACHABLE_CODE = YES;
				CLANG_WARN__DUPLICATE_METHOD_MATCH = YES;
				CODE_SIGN_IDENTITY = "iPhone Developer";
				COPY_PHASE_STRIP = NO;
				DEBUG_INFORMATION_FORMAT = "dwarf-with-dsym";
				ENABLE_NS_ASSERTIONS = NO;
				ENABLE_STRICT_OBJC_MSGSEND = YES;
				GCC_C_LANGUAGE_STANDARD = gnu11;
				GCC_NO_COMMON_BLOCKS = YES;
				GCC_WARN_64_TO_32_BIT_CONVERSION = YES;
				GCC_WARN_ABOUT_RETURN_TYPE = YES_ERROR;
				GCC_WARN_UNDECLARED_SELECTOR = YES;
				GCC_WARN_UNINITIALIZED_AUTOS = YES_AGGRESSIVE;
				GCC_WARN_UNUSED_FUNCTION = YES;
				GCC_WARN_UNUSED_VARIABLE = YES;
				IPHONEOS_DEPLOYMENT_TARGET = 11.4;
				MTL_ENABLE_DEBUG_INFO = NO;
				SDKROOT = iphoneos;
				SWIFT_COMPILATION_MODE = wholemodule;
				SWIFT_OPTIMIZATION_LEVEL = "-O";
				VALIDATE_PRODUCT = YES;
			};
			name = Release;
		};
		4461F627213E76810051E942 /* Debug */ = {
			isa = XCBuildConfiguration;
			baseConfigurationReference = 4194B2A1FE48251950E58222 /* Pods-Weibo.debug.xcconfig */;
			buildSettings = {
				ASSETCATALOG_COMPILER_APPICON_NAME = AppIcon;
				ASSETCATALOG_COMPILER_LAUNCHIMAGE_NAME = LaunchImage;
				CLANG_ENABLE_MODULES = YES;
				CODE_SIGN_STYLE = Automatic;
				DEVELOPMENT_TEAM = GNUJ2CS6SK;
				INFOPLIST_FILE = Weibo/Info.plist;
				IPHONEOS_DEPLOYMENT_TARGET = 8.0;
				LD_RUNPATH_SEARCH_PATHS = (
					"$(inherited)",
					"@executable_path/Frameworks",
				);
				PRODUCT_BUNDLE_IDENTIFIER = QCX.Weibo;
				PRODUCT_NAME = "$(TARGET_NAME)";
				SWIFT_OBJC_BRIDGING_HEADER = "Weibo/Weibo-Bridging-Header.h";
				SWIFT_OPTIMIZATION_LEVEL = "-Onone";
				SWIFT_VERSION = 4.0;
				TARGETED_DEVICE_FAMILY = 1;
			};
			name = Debug;
		};
		4461F628213E76810051E942 /* Release */ = {
			isa = XCBuildConfiguration;
			baseConfigurationReference = 9DE1D2DCAC45376B46968A10 /* Pods-Weibo.release.xcconfig */;
			buildSettings = {
				ASSETCATALOG_COMPILER_APPICON_NAME = AppIcon;
				ASSETCATALOG_COMPILER_LAUNCHIMAGE_NAME = LaunchImage;
				CLANG_ENABLE_MODULES = YES;
				CODE_SIGN_STYLE = Automatic;
				DEVELOPMENT_TEAM = GNUJ2CS6SK;
				INFOPLIST_FILE = Weibo/Info.plist;
				IPHONEOS_DEPLOYMENT_TARGET = 8.0;
				LD_RUNPATH_SEARCH_PATHS = (
					"$(inherited)",
					"@executable_path/Frameworks",
				);
				PRODUCT_BUNDLE_IDENTIFIER = QCX.Weibo;
				PRODUCT_NAME = "$(TARGET_NAME)";
				SWIFT_OBJC_BRIDGING_HEADER = "Weibo/Weibo-Bridging-Header.h";
				SWIFT_VERSION = 4.0;
				TARGETED_DEVICE_FAMILY = 1;
			};
			name = Release;
		};
/* End XCBuildConfiguration section */

/* Begin XCConfigurationList section */
		4461F60F213E76800051E942 /* Build configuration list for PBXProject "Weibo" */ = {
			isa = XCConfigurationList;
			buildConfigurations = (
				4461F624213E76810051E942 /* Debug */,
				4461F625213E76810051E942 /* Release */,
			);
			defaultConfigurationIsVisible = 0;
			defaultConfigurationName = Release;
		};
		4461F626213E76810051E942 /* Build configuration list for PBXNativeTarget "Weibo" */ = {
			isa = XCConfigurationList;
			buildConfigurations = (
				4461F627213E76810051E942 /* Debug */,
				4461F628213E76810051E942 /* Release */,
			);
			defaultConfigurationIsVisible = 0;
			defaultConfigurationName = Release;
		};
/* End XCConfigurationList section */
	};
	rootObject = 4461F60C213E76800051E942 /* Project object */;
}
